lockfileVersion: '9.0'

settings:
  autoInstallPeers: true
  excludeLinksFromLockfile: false

importers:

  .:
    dependencies:
      '@deepseek-ai/schemastery':
        specifier: ~3.18.4
        version: 3.18.4
      eventsource-parser:
        specifier: ^3.1.1
        version: 3.1.1
      https-proxy-agent:
        specifier: ^7.0.6
        version: 7.0.6
      node-fetch:
        specifier: ^3.3.2
        version: 3.3.2
    devDependencies:
      '@deepseek-ai/cordis':
        specifier: 4.0.4
        version: 4.0.4(@deepseek-ai/cordis-plugin-include@1.0.9)(@deepseek-ai/cordis-plugin-loader@1.0.5)
      '@deepseek-ai/dsh-llm':
        specifier: 0.2.0-rc.2
        version: 0.2.0-rc.2(@deepseek-ai/cordis@4.0.4)
      '@deepseek-ai/dsh-settings':
        specifier: 0.2.0-rc.2
        version: 0.2.0-rc.2(fbf8b4d9fba8373d950e70520f096e74)
      '@deepseek-ai/dsh-timeout':
        specifier: 0.2.0-rc.2
        version: 0.2.0-rc.2(@deepseek-ai/cordis@4.0.4)

packages:

  '@deepseek-ai/cordis-plugin-group@1.0.4':
    resolution: {integrity: sha512-/7tuY5pMQetHava4v6QUeOa4CwZA+mleNvbIoj+iqEmzkYUtlXbLqhzJIcbnDa/Hxgr1jaCwROrI77nuLyeCFg==}
    peerDependencies:
      '@deepseek-ai/cordis': ~4.0.4
      '@deepseek-ai/cordis-plugin-loader': ~1.0.5

  '@deepseek-ai/cordis-plugin-include@1.0.9':
    resolution: {integrity: sha512-Xmekm7u5Kpeym6nABL4T1/Mg6aQYFZxsipB0WycmCctvX1DqAv8nCFwRmg2XMx/f7EbZgNEbXQwJfabcMu8zxQ==}
    peerDependencies:
      '@deepseek-ai/cordis': ~4.0.4
      '@deepseek-ai/cordis-plugin-loader': ~1.0.5

  '@deepseek-ai/cordis-plugin-loader@1.0.5':
    resolution: {integrity: sha512-200huL2ttWcjyeYllvPYn+qMR7I89qy8MhZasbHltPzB/KMrSfsyoCYKdCGc5KqPGj5iJugcmibQzjINMO9I+Q==}
    peerDependencies:
      '@deepseek-ai/cordis': ~4.0.4
      node-addon-require-builtin: ^0.1.6
    peerDependenciesMeta:
      node-addon-require-builtin:
        optional: true

  '@deepseek-ai/cordis@4.0.4':
    resolution: {integrity: sha512-obgyxqWAmFn3Re8kvsuUnyW+ihrz6eJCnJO4fh1cQzDtmPYz/zzVeUkH9R94I0OwSVOocK67Kgakm04j/oQXzg==}
    hasBin: true
    peerDependencies:
      '@deepseek-ai/cordis-plugin-include': ~1.0.9
      '@deepseek-ai/cordis-plugin-loader': ~1.0.5
    peerDependenciesMeta:
      '@deepseek-ai/cordis-plugin-include':
        optional: true
      '@deepseek-ai/cordis-plugin-loader':
        optional: true

  '@deepseek-ai/cosmokit@1.8.5':
    resolution: {integrity: sha512-LXsrlem9z8dq4sLflj2yuCuYX7KqhdzF5hZly3eZyuTo8d6oDSOXuEgC5DbQWKW+lksm6zmOutQLsP/ma6wR6A==}

  '@deepseek-ai/dsh-app-boot@0.2.0-rc.2':
    resolution: {integrity: sha512-WvgNhBHSj85Z7u9vC1oQr9C7yZQ/L/JS+eVK4bueWEkaoqdEna504V5bi7qtWXxAz5JkeVZTy1sX86p8XG7LJg==}
    peerDependencies:
      '@deepseek-ai/cordis': ~4.0.4
      '@deepseek-ai/cordis-plugin-group': ~1.0.4
      '@deepseek-ai/cordis-plugin-include': ~1.0.9
      '@deepseek-ai/cordis-plugin-loader': ~1.0.5
      '@deepseek-ai/dsh-home-paths': 0.2.0-rc.2
      '@deepseek-ai/dsh-launch-environment': 0.2.0-rc.2
      '@deepseek-ai/dsh-system-prompt': 0.2.0-rc.2

  '@deepseek-ai/dsh-atomic-write@0.2.0-rc.2':
    resolution: {integrity: sha512-CezxdPmADDnOyG/ed9R18In/NifnLgu8hfJEjTBKxd7kbu0XXenyqnk25jeWD6bJYwu8AWAwcpVFuf438EJPJA==}
    peerDependencies:
      '@deepseek-ai/cordis': ~4.0.4

  '@deepseek-ai/dsh-brand@0.2.0-rc.2':
    resolution: {integrity: sha512-A5XlN4tIgP0qObkYFhcZ7Oz/tM2oESEZqLwS0Qq+sM1ivGx6o4AMPgJdfKQlwLzqk0cMLNtAaVBHfiYoElt4lw==}
    peerDependencies:
      '@deepseek-ai/cordis': ~4.0.4

  '@deepseek-ai/dsh-config-editor@0.2.0-rc.2':
    resolution: {integrity: sha512-LG/4EyMMBEwcUAsewqn9+6m9+mFeXVGaze0gaz3YOO/bCnJRI/2f4iuejsk/n+yMI9CNczOaIfWT5b3s7zyhfA==}
    peerDependencies:
      '@deepseek-ai/cordis': ~4.0.4
      '@deepseek-ai/cordis-plugin-include': ~1.0.9
      '@deepseek-ai/cordis-plugin-loader': ~1.0.5
      '@deepseek-ai/dsh-app-boot': 0.2.0-rc.2
      '@deepseek-ai/dsh-hmr': 0.2.0-rc.2
    peerDependenciesMeta:
      '@deepseek-ai/dsh-hmr':
        optional: true

  '@deepseek-ai/dsh-home-paths@0.2.0-rc.2':
    resolution: {integrity: sha512-n4O5C9pNIVWbBklB5RzSTc3kr9hmUnDlZ6Leqj3TIk+CO593DTAmDGTt0rHMQe8H+1Ur+Jqj9Hqgsug/WRkkvQ==}
    peerDependencies:
      '@deepseek-ai/cordis': ~4.0.4

  '@deepseek-ai/dsh-invariants@0.2.0-rc.2':
    resolution: {integrity: sha512-QOVc0HpRsS8ekvprb45FlxieDvgR/cAMaxW289HASjMoV/U/B54FpbkHuPBw4EnTw07/sPkjx2B/23+YqE0cbg==}
    peerDependencies:
      '@deepseek-ai/cordis': ~4.0.4

  '@deepseek-ai/dsh-launch-environment@0.2.0-rc.2':
    resolution: {integrity: sha512-IyhZjJJQ7RVLcKlc4pPPjojOKrr2XCYm7VRpslFq7bvGj3DGt8WMTSCCZUWxCThY2jg6kFF1ujiTGunELfRO6Q==}
    peerDependencies:
      '@deepseek-ai/cordis': ~4.0.4

  '@deepseek-ai/dsh-llm@0.2.0-rc.2':
    resolution: {integrity: sha512-6QFrQn/h0iNqCfPpgQidnHtLSpA99A7ZND/uYKaGSd/4BGP8KBhuRd0w63e9s4u+hfW8jc3j29WKcNLIOeUfcA==}
    peerDependencies:
      '@deepseek-ai/cordis': ~4.0.4

  '@deepseek-ai/dsh-package-manifest@0.2.0-rc.2':
    resolution: {integrity: sha512-CFycoLxUT4g4w1IGjaHi/IjTzTRgnQ2PQVeHHSWoEppD+0NTZ1rHHW3ofkh74ZgQagoeo7n+91Yjl0rDGuWE3g==}
    peerDependencies:
      '@deepseek-ai/cordis': ~4.0.4

  '@deepseek-ai/dsh-scope@0.2.0-rc.2':
    resolution: {integrity: sha512-066p7Wv74GNWt4xA5Cyvl+7c/i9KrNEDALYh2/hu0VsJPLb4T9He+TY7y1bld9OgungmqyTy1n/cB2ZrVskvxA==}
    peerDependencies:
      '@deepseek-ai/cordis': ~4.0.4
      '@deepseek-ai/dsh-invariants': 0.2.0-rc.2

  '@deepseek-ai/dsh-session@0.2.0-rc.2':
    resolution: {integrity: sha512-wj+6MeqCYbDcbEvKH3puHyEGdjyu51JwBoN6Ua2tz6griLufDgLM5HpSU40L5xgpbOfrYVhXZs4vRgOrMlFY2g==}
    peerDependencies:
      '@deepseek-ai/cordis': ~4.0.4
      '@deepseek-ai/dsh-scope': 0.2.0-rc.2

  '@deepseek-ai/dsh-settings@0.2.0-rc.2':
    resolution: {integrity: sha512-Py4ZbCyady6st+h8wlsPJxrAOg9VrT1+tltymnJUiAmdnZjMADZKWec9JrB2KwUuo27R+IbibxzaYQOvnZdUkg==}
    peerDependencies:
      '@deepseek-ai/cordis': ~4.0.4
      '@deepseek-ai/dsh-brand': 0.2.0-rc.2
      '@deepseek-ai/dsh-invariants': 0.2.0-rc.2
      '@deepseek-ai/dsh-session': 0.2.0-rc.2
      '@deepseek-ai/schemastery': ~3.18.4

  '@deepseek-ai/dsh-system-prompt@0.2.0-rc.2':
    resolution: {integrity: sha512-ZZNk2gkXFV8CIT0IOZXS+pFaxNVJaRknYyH2vc4ZgZAiHKT+RqUYNr8e1F5Kp0AaN0DNlcTkjOGP5MCxeXfDjg==}
    peerDependencies:
      '@deepseek-ai/cordis': ~4.0.4
      '@deepseek-ai/dsh-invariants': 0.2.0-rc.2
      '@deepseek-ai/dsh-llm': 0.2.0-rc.2
      '@deepseek-ai/dsh-scope': 0.2.0-rc.2

  '@deepseek-ai/dsh-timeout@0.2.0-rc.2':
    resolution: {integrity: sha512-NDob8b8DJDB/sDPz3P7xhrkxOh1O9FbN1EZRKsxP4fuTfp4hrQU7aekYS5qZENFKoR8dBJMTh/zcEBw4m31glQ==}
    peerDependencies:
      '@deepseek-ai/cordis': ~4.0.4

  '@deepseek-ai/dsh-typert-protocol@0.2.0-rc.2':
    resolution: {integrity: sha512-95RvIDcVac2BWdv1IxN6yKlRV+8eEvkofqSxV+d0r8x1kx2EIWEsbdxz6C+coYIm+8e03MiN+rwOt8J7sLfe7Q==}
    peerDependencies:
      '@deepseek-ai/cordis': ~4.0.4

  '@deepseek-ai/dsh-util-crypto@0.2.0-rc.2':
    resolution: {integrity: sha512-5OvvmepY69uXTagUMlnoHqg7euI4ZMifLgfdV8xZO20OslWGGiRCkJbZRyDtcJG9GsXWz9UimfWmUu52zKXJ5w==}
    peerDependencies:
      '@deepseek-ai/cordis': ~4.0.4

  '@deepseek-ai/dsh-util-values@0.2.0-rc.2':
    resolution: {integrity: sha512-qgpsbgiZABuE9UvgNaVo9b2HiWwLeU93CTl9PFXqE0jN8ap1ALxzQsLGvr/q2MJuWDYqnFBg60XnqnY8ZxPWEg==}
    peerDependencies:
      '@deepseek-ai/cordis': ~4.0.4

  '@deepseek-ai/schemastery@3.18.4':
    resolution: {integrity: sha512-SSXO6tYuyrIqKVbmOnIq0s+riUywYzouFMcnBluHF9n4KMo2G8HvEzhCYj6pj2617/glOjbJuVInJ9hfONsjkg==}

  '@eslint-community/regexpp@4.12.2':
    resolution: {integrity: sha512-EriSTlt5OC9/7SXkRSCAhfSxxoSUgBm33OH+IkwbdpgoqsSsUg7y3uh+IICI/Qg4BBWr3U2i39RpmycbxMq4ew==}
    engines: {node: ^12.0.0 || ^14.0.0 || >=16.0.0}

  '@standard-schema/spec@1.1.0':
    resolution: {integrity: sha512-l2aFy5jALhniG5HgqrD6jXLi/rUWrKvqN/qJx6yoJsgKhblVd+iqqU4RCXavm/jPityDo5TCvKMnpjKnOriy0w==}

  agent-base@7.1.4:
    resolution: {integrity: sha512-MnA+YT8fwfJPgBx3m60MNqakm30XOkyIoH1y6huTQvC0PwZG7ki8NacLBcrPbNoo8vEZy7Jpuk7+jMO+CUovTQ==}
    engines: {node: '>= 14'}

  ajv@8.20.0:
    resolution: {integrity: sha512-Thbli+OlOj+iMPYFBVBfJ3OmCAnaSyNn4M1vz9T6Gka5Jt9ba/HIR56joy65tY6kx/FCF5VXNB819Y7/GUrBGA==}

  argparse@2.0.1:
    resolution: {integrity: sha512-8+9WqebbFzpX9OR+Wa6O29asIogeRMzcGtAINdpMHHyAg10f05aSFVBbcEqGf/PXw1EjAZ+q2/bEBg3DvurK3Q==}

  data-uri-to-buffer@4.0.1:
    resolution: {integrity: sha512-0R9ikRb668HB7QDxT1vkpuUBtqc53YyAwMwGeUFKRojY/NWKvdZ+9UYtRfGmhqNbRkTSVpMbmyhXipFFv2cb/A==}
    engines: {node: '>= 12'}

  debug@4.4.3:
    resolution: {integrity: sha512-RGwwWnwQvkVfavKVt22FGLw+xYSdzARwm0ru6DhTVA3umU5hZc28V3kO4stgYryrTlLpuvgI9GiijltAjNbcqA==}
    engines: {node: '>=6.0'}
    peerDependencies:
      supports-color: '*'
    peerDependenciesMeta:
      supports-color:
        optional: true

  eventsource-parser@3.1.1:
    resolution: {integrity: sha512-EKN1vKAMcZ8MlYMpaNuxN6R9yakzH6uajHcHVTqWJzvu5pWw9DyhbP35HH8MVBQ+dZjAfDxk+A8NiR9KWaXiyQ==}
    engines: {node: '>=18.0.0'}

  fast-deep-equal@3.1.3:
    resolution: {integrity: sha512-f3qQ9oQy9j2AhBe/H9VC91wLmKBCCU/gDOnKNAYG5hswO7BLKj09Hc5HYNz9cGI++xlpDCIgDaitVs03ATR84Q==}

  fast-uri@3.1.8:
    resolution: {integrity: sha512-GZMtZUTNRpOVIECoXwLNZS5xUGE+mVNbTB8h/7Rwh2TFWcBQiPzTgyZi05BF9UMZKkLJv8XBRJTlU7zg8+ZfMg==}

  fetch-blob@3.2.0:
    resolution: {integrity: sha512-7yAQpD2UMJzLi1Dqv7qFYnPbaPx7ZfFK6PiIxQ4PfkGPyNyl2Ugx+a/umUonmKqjhM4DnfbMvdX6otXq83soQQ==}
    engines: {node: ^12.20 || >= 14.13}

  formdata-polyfill@4.0.10:
    resolution: {integrity: sha512-buewHzMvYL29jdeQTVILecSaZKnt/RJWjoZCF5OW60Z67/GmSLBkOFM7qh1PI3zFNtJbaZL5eQu1vLfazOwj4g==}
    engines: {node: '>=12.20.0'}

  https-proxy-agent@7.0.6:
    resolution: {integrity: sha512-vK9P5/iUfdl95AI+JVyUuIcVtd4ofvtrOr3HNtM2yxC9bnMbEdp3x01OhQNnjb8IJYi38VlTE3mBXwcfvywuSw==}
    engines: {node: '>= 14'}

  js-yaml@4.3.2:
    resolution: {integrity: sha512-SFNOvSJ+Dgf/9An904Yx+CgSlIPCkIpao4qo51lpee25TIRejdH3rhR4EZMGoNx3/TP3O+wzWuiTFl4sqbltzA==}
    hasBin: true

  json-schema-traverse@1.0.0:
    resolution: {integrity: sha512-NM8/P9n3XjXhIZn1lLhkFaACTOURQXjWhV4BA/RnOv8xvgqtqpAX9IO4mRQxSx1Rlo4tqzeqb0sOlruaOy3dug==}

  ms@2.1.3:
    resolution: {integrity: sha512-6FlzubTLZG3J2a/NVCAleEhjzq5oxgHyaCU9yYXvcLsvoVaHJq/s5xXI6/XXP6tz7R9xAOtHnSO/tXtF3WRTlA==}

  node-addon-native-custom-loader@0.1.7:
    resolution: {integrity: sha512-mny2aBXuqWZLu8xFg0Azk6HZd8tlEBbpkOMhideAY3OABE9tp38VeKo8/sw5g/qeYAAdE8oEmsmeJ5IBJd6YHg==}
    engines: {node: '>=20'}

  node-addon-require-builtin-darwin-arm64@0.1.7:
    resolution: {integrity: sha512-3n5SgmD6S4lCyeFPumbwfUh+YLssWiSF8GuToHdr00hBPhDikyzHCy2UV5qJUTDNNtUpfw9QuFijsC+ulnvmog==}
    engines: {node: '>=20'}
    cpu: [arm64]
    os: [darwin]

  node-addon-require-builtin-darwin-x64@0.1.7:
    resolution: {integrity: sha512-ZelNDiBgGH//ZHw6FCv4VdWUxV2YwdZNa0za7nOJIYodGcow0rJX6san45iOI73/gd2qtyKBOrHgylDjnBblbg==}
    engines: {node: '>=20'}
    cpu: [x64]
    os: [darwin]

  node-addon-require-builtin-linux-arm64-gnu@0.1.7:
    resolution: {integrity: sha512-osAdFdxBUeciYOAIMxxIZzVyPK73zex7xJvSAyfDPyY8cTxhGZVZGQnB0ZtZEy3TRQQ2psjWhu5HbcHXIXotXw==}
    engines: {node: '>=20'}
    cpu: [arm64]
    os: [linux]
    libc: [glibc]

  node-addon-require-builtin-linux-arm64-musl@0.1.7:
    resolution: {integrity: sha512-pN027xk8o64/i1evlncK3VoPGdnflHzMgD+MQ+vApMpu2U6XKc9KAqKiImTpMd+mtGxElkkhD/AXNybF0MscZw==}
    engines: {node: '>=20'}
    cpu: [arm64]
    os: [linux]
    libc: [musl]

  node-addon-require-builtin-linux-x64-gnu@0.1.7:
    resolution: {integrity: sha512-HedJA3MGD7I3rH/mPuPIaGTTtSm61L5uHv/90xHPy0tHGlP5cxC9Dt9l/5iwIrTE04LrT0woiG8Ef2Eg2sRyuA==}
    engines: {node: '>=20'}
    cpu: [x64]
    os: [linux]
    libc: [glibc]

  node-addon-require-builtin-linux-x64-musl@0.1.7:
    resolution: {integrity: sha512-4SkkvMTQqwFRkNzWp8Jc+1e/wMzA893YYX6lhRFFXWcb+igpXq/KD92JEWI0RHr9rrQkwF51/9odyt0Jk9WnDA==}
    engines: {node: '>=20'}
    cpu: [x64]
    os: [linux]
    libc: [musl]

  node-addon-require-builtin-win32-arm64-msvc@0.1.7:
    resolution: {integrity: sha512-nooBYRrieUMClXU3HBM+9yfOEXC0EJS3kFGJzu7oXocOgADKmAwt3xpF3YunjnyN9bty9/QaoZRlHG5EBX4Usg==}
    engines: {node: '>=20'}
    cpu: [arm64]
    os: [win32]

  node-addon-require-builtin-win32-ia32-msvc@0.1.7:
    resolution: {integrity: sha512-i3/cymlUwzReJTtFLC75m+Gabi1RWa4ym4KgVThGLySy4/EJ0QldTv5VWHg3i7HP/g8gIWXwFrxTFk5v2DGchA==}
    engines: {node: '>=20 <23'}
    cpu: [ia32]
    os: [win32]

  node-addon-require-builtin-win32-x64-msvc@0.1.7:
    resolution: {integrity: sha512-iwYELawC0J+nKFTIfJumU53VzTVDshSFUZCU6oUb4Uw+JAfsXCCA2WaSQbtmHng6ub0HEFqWgfh/Wp+qsEVtNg==}
    engines: {node: '>=20'}
    cpu: [x64]
    os: [win32]

  node-addon-require-builtin@0.1.7:
    resolution: {integrity: sha512-2/yiwaMEpIJdrsjwY/09IoLMLKJtyJGlPhtJd80a+B4x0+SYsnAorg5GlDyJHfTb/UgiIYzbNOgL3HHrigFaAQ==}
    engines: {node: '>=20'}

  node-domexception@1.0.0:
    resolution: {integrity: sha512-/jKZoMpw0F8GRwl4/eLROPA3cfcXtLApP0QzLmUT/HuPCZWyB7IY9ZrMeKw2O/nFIqPQB3PVM9aYm0F312AXDQ==}
    engines: {node: '>=10.5.0'}
    deprecated: Use your platform's native DOMException instead

  node-fetch@3.3.2:
    resolution: {integrity: sha512-dRB78srN/l6gqWulah9SrxeYnxeddIG30+GOqK/9OlLVyLg3HPnr6SqOWTWOXKRwC2eGYCkZ59NNuSgvSrpgOA==}
    engines: {node: ^12.20.0 || ^14.13.1 || >=16.0.0}

  require-from-string@2.0.2:
    resolution: {integrity: sha512-Xf0nWe6RseziFMu+Ap9biiUbmplq6S9/p+7w7YXP/JBHhrUDDUhwa+vANyubuqfZWTveU//DYVGsDG7RKL/vEw==}
    engines: {node: '>=0.10.0'}

  resolve.exports@2.0.3:
    resolution: {integrity: sha512-OcXjMsGdhL4XnbShKpAcSqPMzQoYkYyhbEaeSko47MjRP9NfEQMhZkXL1DoFlt9LWQn4YttrdnV6X2OiyzBi+A==}
    engines: {node: '>=10'}

  semver@7.8.5:
    resolution: {integrity: sha512-Y7/KDsb8LjooZpwaqGyulO6DQlksgCncchHGk+sZIY4SBvUocMBEFH5Ur1fI4dV+Jvl0w6cjvucaIi40puRioA==}
    engines: {node: '>=10'}
    hasBin: true

  web-streams-polyfill@3.3.3:
    resolution: {integrity: sha512-d2JWLCivmZYTSIoge9MsgFCZrt571BikcWGYkjC1khllbTeDlGqZ2D8vD8E/lJa8WGWbb7Plm8/XJYV7IJHZZw==}
    engines: {node: '>= 8'}

  yaml@2.9.1:
    resolution: {integrity: sha512-3NxN8+78OdzbT7C/WjGsyfPAtJaN3FNDsWxv7Y7mcDsT/oOmgW8BpyQQFFBnvZE3j9Y2Sdz1ULFLezL7Eb2yFw==}
    engines: {node: '>= 14.6'}
    hasBin: true

  zod@4.6.5:
    resolution: {integrity: sha512-v5l/aFXZQeai4awLbOpSoHecE9UiMrnfx75tEXLjNonXVARxQ5mOeipTjROUchszUNCqnE+hqAMujRsRHsut2Q==}

snapshots:

  '@deepseek-ai/cordis-plugin-group@1.0.4(@deepseek-ai/cordis-plugin-loader@1.0.5)(@deepseek-ai/cordis@4.0.4)':
    dependencies:
      '@deepseek-ai/cordis': 4.0.4(@deepseek-ai/cordis-plugin-include@1.0.9)(@deepseek-ai/cordis-plugin-loader@1.0.5)
      '@deepseek-ai/cordis-plugin-loader': 1.0.5(@deepseek-ai/cordis@4.0.4)(node-addon-require-builtin@0.1.7)

  '@deepseek-ai/cordis-plugin-include@1.0.9(@deepseek-ai/cordis-plugin-loader@1.0.5)(@deepseek-ai/cordis@4.0.4)':
    dependencies:
      '@deepseek-ai/cordis': 4.0.4(@deepseek-ai/cordis-plugin-include@1.0.9)(@deepseek-ai/cordis-plugin-loader@1.0.5)
      '@deepseek-ai/cordis-plugin-loader': 1.0.5(@deepseek-ai/cordis@4.0.4)(node-addon-require-builtin@0.1.7)
      '@deepseek-ai/cosmokit': 1.8.5
      js-yaml: 4.3.2

  '@deepseek-ai/cordis-plugin-loader@1.0.5(@deepseek-ai/cordis@4.0.4)(node-addon-require-builtin@0.1.7)':
    dependencies:
      '@deepseek-ai/cordis': 4.0.4(@deepseek-ai/cordis-plugin-include@1.0.9)(@deepseek-ai/cordis-plugin-loader@1.0.5)
      '@deepseek-ai/cosmokit': 1.8.5
      '@deepseek-ai/schemastery': 3.18.4
    optionalDependencies:
      node-addon-require-builtin: 0.1.7

  '@deepseek-ai/cordis@4.0.4(@deepseek-ai/cordis-plugin-include@1.0.9)(@deepseek-ai/cordis-plugin-loader@1.0.5)':
    dependencies:
      '@deepseek-ai/cosmokit': 1.8.5
      '@standard-schema/spec': 1.1.0
    optionalDependencies:
      '@deepseek-ai/cordis-plugin-include': 1.0.9(@deepseek-ai/cordis-plugin-loader@1.0.5)(@deepseek-ai/cordis@4.0.4)
      '@deepseek-ai/cordis-plugin-loader': 1.0.5(@deepseek-ai/cordis@4.0.4)(node-addon-require-builtin@0.1.7)

  '@deepseek-ai/cosmokit@1.8.5': {}

  '@deepseek-ai/dsh-app-boot@0.2.0-rc.2(@deepseek-ai/cordis-plugin-group@1.0.4(@deepseek-ai/cordis-plugin-loader@1.0.5)(@deepseek-ai/cordis@4.0.4))(@deepseek-ai/cordis-plugin-include@1.0.9)(@deepseek-ai/cordis-plugin-loader@1.0.5)(@deepseek-ai/cordis@4.0.4)(@deepseek-ai/dsh-home-paths@0.2.0-rc.2(@deepseek-ai/cordis@4.0.4))(@deepseek-ai/dsh-launch-environment@0.2.0-rc.2(@deepseek-ai/cordis@4.0.4))(@deepseek-ai/dsh-system-prompt@0.2.0-rc.2(@deepseek-ai/cordis@4.0.4)(@deepseek-ai/dsh-invariants@0.2.0-rc.2(@deepseek-ai/cordis@4.0.4))(@deepseek-ai/dsh-llm@0.2.0-rc.2(@deepseek-ai/cordis@4.0.4))(@deepseek-ai/dsh-scope@0.2.0-rc.2(@deepseek-ai/cordis@4.0.4)(@deepseek-ai/dsh-invariants@0.2.0-rc.2(@deepseek-ai/cordis@4.0.4))))':
    dependencies:
      '@deepseek-ai/cordis': 4.0.4(@deepseek-ai/cordis-plugin-include@1.0.9)(@deepseek-ai/cordis-plugin-loader@1.0.5)
      '@deepseek-ai/cordis-plugin-group': 1.0.4(@deepseek-ai/cordis-plugin-loader@1.0.5)(@deepseek-ai/cordis@4.0.4)
      '@deepseek-ai/cordis-plugin-include': 1.0.9(@deepseek-ai/cordis-plugin-loader@1.0.5)(@deepseek-ai/cordis@4.0.4)
      '@deepseek-ai/cordis-plugin-loader': 1.0.5(@deepseek-ai/cordis@4.0.4)(node-addon-require-builtin@0.1.7)
      '@deepseek-ai/dsh-atomic-write': 0.2.0-rc.2(@deepseek-ai/cordis@4.0.4)
      '@deepseek-ai/dsh-home-paths': 0.2.0-rc.2(@deepseek-ai/cordis@4.0.4)
      '@deepseek-ai/dsh-launch-environment': 0.2.0-rc.2(@deepseek-ai/cordis@4.0.4)
      '@deepseek-ai/dsh-package-manifest': 0.2.0-rc.2(@deepseek-ai/cordis@4.0.4)
      '@deepseek-ai/dsh-system-prompt': 0.2.0-rc.2(@deepseek-ai/cordis@4.0.4)(@deepseek-ai/dsh-invariants@0.2.0-rc.2(@deepseek-ai/cordis@4.0.4))(@deepseek-ai/dsh-llm@0.2.0-rc.2(@deepseek-ai/cordis@4.0.4))(@deepseek-ai/dsh-scope@0.2.0-rc.2(@deepseek-ai/cordis@4.0.4)(@deepseek-ai/dsh-invariants@0.2.0-rc.2(@deepseek-ai/cordis@4.0.4)))
      '@eslint-community/regexpp': 4.12.2
      ajv: 8.20.0
      js-yaml: 4.3.2
      node-addon-require-builtin: 0.1.7
      resolve.exports: 2.0.3
      semver: 7.8.5

  '@deepseek-ai/dsh-atomic-write@0.2.0-rc.2(@deepseek-ai/cordis@4.0.4)':
    dependencies:
      '@deepseek-ai/cordis': 4.0.4(@deepseek-ai/cordis-plugin-include@1.0.9)(@deepseek-ai/cordis-plugin-loader@1.0.5)

  '@deepseek-ai/dsh-brand@0.2.0-rc.2(@deepseek-ai/cordis@4.0.4)':
    dependencies:
      '@deepseek-ai/cordis': 4.0.4(@deepseek-ai/cordis-plugin-include@1.0.9)(@deepseek-ai/cordis-plugin-loader@1.0.5)

  '@deepseek-ai/dsh-config-editor@0.2.0-rc.2(@deepseek-ai/cordis-plugin-include@1.0.9)(@deepseek-ai/cordis-plugin-loader@1.0.5)(@deepseek-ai/cordis@4.0.4)(@deepseek-ai/dsh-app-boot@0.2.0-rc.2(@deepseek-ai/cordis-plugin-group@1.0.4(@deepseek-ai/cordis-plugin-loader@1.0.5)(@deepseek-ai/cordis@4.0.4))(@deepseek-ai/cordis-plugin-include@1.0.9)(@deepseek-ai/cordis-plugin-loader@1.0.5)(@deepseek-ai/cordis@4.0.4)(@deepseek-ai/dsh-home-paths@0.2.0-rc.2(@deepseek-ai/cordis@4.0.4))(@deepseek-ai/dsh-launch-environment@0.2.0-rc.2(@deepseek-ai/cordis@4.0.4))(@deepseek-ai/dsh-system-prompt@0.2.0-rc.2(@deepseek-ai/cordis@4.0.4)(@deepseek-ai/dsh-invariants@0.2.0-rc.2(@deepseek-ai/cordis@4.0.4))(@deepseek-ai/dsh-llm@0.2.0-rc.2(@deepseek-ai/cordis@4.0.4))(@deepseek-ai/dsh-scope@0.2.0-rc.2(@deepseek-ai/cordis@4.0.4)(@deepseek-ai/dsh-invariants@0.2.0-rc.2(@deepseek-ai/cordis@4.0.4)))))':
    dependencies:
      '@deepseek-ai/cordis': 4.0.4(@deepseek-ai/cordis-plugin-include@1.0.9)(@deepseek-ai/cordis-plugin-loader@1.0.5)
      '@deepseek-ai/cordis-plugin-include': 1.0.9(@deepseek-ai/cordis-plugin-loader@1.0.5)(@deepseek-ai/cordis@4.0.4)
      '@deepseek-ai/cordis-plugin-loader': 1.0.5(@deepseek-ai/cordis@4.0.4)(node-addon-require-builtin@0.1.7)
      '@deepseek-ai/dsh-app-boot': 0.2.0-rc.2(@deepseek-ai/cordis-plugin-group@1.0.4(@deepseek-ai/cordis-plugin-loader@1.0.5)(@deepseek-ai/cordis@4.0.4))(@deepseek-ai/cordis-plugin-include@1.0.9)(@deepseek-ai/cordis-plugin-loader@1.0.5)(@deepseek-ai/cordis@4.0.4)(@deepseek-ai/dsh-home-paths@0.2.0-rc.2(@deepseek-ai/cordis@4.0.4))(@deepseek-ai/dsh-launch-environment@0.2.0-rc.2(@deepseek-ai/cordis@4.0.4))(@deepseek-ai/dsh-system-prompt@0.2.0-rc.2(@deepseek-ai/cordis@4.0.4)(@deepseek-ai/dsh-invariants@0.2.0-rc.2(@deepseek-ai/cordis@4.0.4))(@deepseek-ai/dsh-llm@0.2.0-rc.2(@deepseek-ai/cordis@4.0.4))(@deepseek-ai/dsh-scope@0.2.0-rc.2(@deepseek-ai/cordis@4.0.4)(@deepseek-ai/dsh-invariants@0.2.0-rc.2(@deepseek-ai/cordis@4.0.4))))
      '@deepseek-ai/dsh-atomic-write': 0.2.0-rc.2(@deepseek-ai/cordis@4.0.4)
      js-yaml: 4.3.2
      yaml: 2.9.1

  '@deepseek-ai/dsh-home-paths@0.2.0-rc.2(@deepseek-ai/cordis@4.0.4)':
    dependencies:
      '@deepseek-ai/cordis': 4.0.4(@deepseek-ai/cordis-plugin-include@1.0.9)(@deepseek-ai/cordis-plugin-loader@1.0.5)

  '@deepseek-ai/dsh-invariants@0.2.0-rc.2(@deepseek-ai/cordis@4.0.4)':
    dependencies:
      '@deepseek-ai/cordis': 4.0.4(@deepseek-ai/cordis-plugin-include@1.0.9)(@deepseek-ai/cordis-plugin-loader@1.0.5)
      '@deepseek-ai/schemastery': 3.18.4

  '@deepseek-ai/dsh-launch-environment@0.2.0-rc.2(@deepseek-ai/cordis@4.0.4)':
    dependencies:
      '@deepseek-ai/cordis': 4.0.4(@deepseek-ai/cordis-plugin-include@1.0.9)(@deepseek-ai/cordis-plugin-loader@1.0.5)

  '@deepseek-ai/dsh-llm@0.2.0-rc.2(@deepseek-ai/cordis@4.0.4)':
    dependencies:
      '@deepseek-ai/cordis': 4.0.4(@deepseek-ai/cordis-plugin-include@1.0.9)(@deepseek-ai/cordis-plugin-loader@1.0.5)
      '@deepseek-ai/dsh-brand': 0.2.0-rc.2(@deepseek-ai/cordis@4.0.4)
      '@deepseek-ai/dsh-timeout': 0.2.0-rc.2(@deepseek-ai/cordis@4.0.4)
      '@deepseek-ai/dsh-typert-protocol': 0.2.0-rc.2(@deepseek-ai/cordis@4.0.4)
      '@deepseek-ai/dsh-util-crypto': 0.2.0-rc.2(@deepseek-ai/cordis@4.0.4)
      '@deepseek-ai/dsh-util-values': 0.2.0-rc.2(@deepseek-ai/cordis@4.0.4)
      '@deepseek-ai/schemastery': 3.18.4
      zod: 4.6.5

  '@deepseek-ai/dsh-package-manifest@0.2.0-rc.2(@deepseek-ai/cordis@4.0.4)':
    dependencies:
      '@deepseek-ai/cordis': 4.0.4(@deepseek-ai/cordis-plugin-include@1.0.9)(@deepseek-ai/cordis-plugin-loader@1.0.5)

  '@deepseek-ai/dsh-scope@0.2.0-rc.2(@deepseek-ai/cordis@4.0.4)(@deepseek-ai/dsh-invariants@0.2.0-rc.2(@deepseek-ai/cordis@4.0.4))':
    dependencies:
      '@deepseek-ai/cordis': 4.0.4(@deepseek-ai/cordis-plugin-include@1.0.9)(@deepseek-ai/cordis-plugin-loader@1.0.5)
      '@deepseek-ai/dsh-invariants': 0.2.0-rc.2(@deepseek-ai/cordis@4.0.4)

  '@deepseek-ai/dsh-session@0.2.0-rc.2(@deepseek-ai/cordis@4.0.4)(@deepseek-ai/dsh-scope@0.2.0-rc.2(@deepseek-ai/cordis@4.0.4)(@deepseek-ai/dsh-invariants@0.2.0-rc.2(@deepseek-ai/cordis@4.0.4)))':
    dependencies:
      '@deepseek-ai/cordis': 4.0.4(@deepseek-ai/cordis-plugin-include@1.0.9)(@deepseek-ai/cordis-plugin-loader@1.0.5)
      '@deepseek-ai/dsh-brand': 0.2.0-rc.2(@deepseek-ai/cordis@4.0.4)
      '@deepseek-ai/dsh-llm': 0.2.0-rc.2(@deepseek-ai/cordis@4.0.4)
      '@deepseek-ai/dsh-scope': 0.2.0-rc.2(@deepseek-ai/cordis@4.0.4)(@deepseek-ai/dsh-invariants@0.2.0-rc.2(@deepseek-ai/cordis@4.0.4))
      '@deepseek-ai/dsh-util-values': 0.2.0-rc.2(@deepseek-ai/cordis@4.0.4)

  '@deepseek-ai/dsh-settings@0.2.0-rc.2(fbf8b4d9fba8373d950e70520f096e74)':
    dependencies:
      '@deepseek-ai/cordis': 4.0.4(@deepseek-ai/cordis-plugin-include@1.0.9)(@deepseek-ai/cordis-plugin-loader@1.0.5)
      '@deepseek-ai/cordis-plugin-loader': 1.0.5(@deepseek-ai/cordis@4.0.4)(node-addon-require-builtin@0.1.7)
      '@deepseek-ai/cosmokit': 1.8.5
      '@deepseek-ai/dsh-brand': 0.2.0-rc.2(@deepseek-ai/cordis@4.0.4)
      '@deepseek-ai/dsh-config-editor': 0.2.0-rc.2(@deepseek-ai/cordis-plugin-include@1.0.9)(@deepseek-ai/cordis-plugin-loader@1.0.5)(@deepseek-ai/cordis@4.0.4)(@deepseek-ai/dsh-app-boot@0.2.0-rc.2(@deepseek-ai/cordis-plugin-group@1.0.4(@deepseek-ai/cordis-plugin-loader@1.0.5)(@deepseek-ai/cordis@4.0.4))(@deepseek-ai/cordis-plugin-include@1.0.9)(@deepseek-ai/cordis-plugin-loader@1.0.5)(@deepseek-ai/cordis@4.0.4)(@deepseek-ai/dsh-home-paths@0.2.0-rc.2(@deepseek-ai/cordis@4.0.4))(@deepseek-ai/dsh-launch-environment@0.2.0-rc.2(@deepseek-ai/cordis@4.0.4))(@deepseek-ai/dsh-system-prompt@0.2.0-rc.2(@deepseek-ai/cordis@4.0.4)(@deepseek-ai/dsh-invariants@0.2.0-rc.2(@deepseek-ai/cordis@4.0.4))(@deepseek-ai/dsh-llm@0.2.0-rc.2(@deepseek-ai/cordis@4.0.4))(@deepseek-ai/dsh-scope@0.2.0-rc.2(@deepseek-ai/cordis@4.0.4)(@deepseek-ai/dsh-invariants@0.2.0-rc.2(@deepseek-ai/cordis@4.0.4)))))
      '@deepseek-ai/dsh-invariants': 0.2.0-rc.2(@deepseek-ai/cordis@4.0.4)
      '@deepseek-ai/dsh-session': 0.2.0-rc.2(@deepseek-ai/cordis@4.0.4)(@deepseek-ai/dsh-scope@0.2.0-rc.2(@deepseek-ai/cordis@4.0.4)(@deepseek-ai/dsh-invariants@0.2.0-rc.2(@deepseek-ai/cordis@4.0.4)))
      '@deepseek-ai/dsh-util-values': 0.2.0-rc.2(@deepseek-ai/cordis@4.0.4)
      '@deepseek-ai/schemastery': 3.18.4
      yaml: 2.9.1
    transitivePeerDependencies:
      - '@deepseek-ai/cordis-plugin-include'
      - '@deepseek-ai/dsh-app-boot'
      - '@deepseek-ai/dsh-hmr'
      - node-addon-require-builtin

  '@deepseek-ai/dsh-system-prompt@0.2.0-rc.2(@deepseek-ai/cordis@4.0.4)(@deepseek-ai/dsh-invariants@0.2.0-rc.2(@deepseek-ai/cordis@4.0.4))(@deepseek-ai/dsh-llm@0.2.0-rc.2(@deepseek-ai/cordis@4.0.4))(@deepseek-ai/dsh-scope@0.2.0-rc.2(@deepseek-ai/cordis@4.0.4)(@deepseek-ai/dsh-invariants@0.2.0-rc.2(@deepseek-ai/cordis@4.0.4)))':
    dependencies:
      '@deepseek-ai/cordis': 4.0.4(@deepseek-ai/cordis-plugin-include@1.0.9)(@deepseek-ai/cordis-plugin-loader@1.0.5)
      '@deepseek-ai/dsh-invariants': 0.2.0-rc.2(@deepseek-ai/cordis@4.0.4)
      '@deepseek-ai/dsh-llm': 0.2.0-rc.2(@deepseek-ai/cordis@4.0.4)
      '@deepseek-ai/dsh-scope': 0.2.0-rc.2(@deepseek-ai/cordis@4.0.4)(@deepseek-ai/dsh-invariants@0.2.0-rc.2(@deepseek-ai/cordis@4.0.4))
      '@deepseek-ai/schemastery': 3.18.4

  '@deepseek-ai/dsh-timeout@0.2.0-rc.2(@deepseek-ai/cordis@4.0.4)':
    dependencies:
      '@deepseek-ai/cordis': 4.0.4(@deepseek-ai/cordis-plugin-include@1.0.9)(@deepseek-ai/cordis-plugin-loader@1.0.5)

  '@deepseek-ai/dsh-typert-protocol@0.2.0-rc.2(@deepseek-ai/cordis@4.0.4)':
    dependencies:
      '@deepseek-ai/cordis': 4.0.4(@deepseek-ai/cordis-plugin-include@1.0.9)(@deepseek-ai/cordis-plugin-loader@1.0.5)
      '@deepseek-ai/dsh-brand': 0.2.0-rc.2(@deepseek-ai/cordis@4.0.4)

  '@deepseek-ai/dsh-util-crypto@0.2.0-rc.2(@deepseek-ai/cordis@4.0.4)':
    dependencies:
      '@deepseek-ai/cordis': 4.0.4(@deepseek-ai/cordis-plugin-include@1.0.9)(@deepseek-ai/cordis-plugin-loader@1.0.5)

  '@deepseek-ai/dsh-util-values@0.2.0-rc.2(@deepseek-ai/cordis@4.0.4)':
    dependencies:
      '@deepseek-ai/cordis': 4.0.4(@deepseek-ai/cordis-plugin-include@1.0.9)(@deepseek-ai/cordis-plugin-loader@1.0.5)

  '@deepseek-ai/schemastery@3.18.4':
    dependencies:
      '@deepseek-ai/cosmokit': 1.8.5
      '@standard-schema/spec': 1.1.0

  '@eslint-community/regexpp@4.12.2': {}

  '@standard-schema/spec@1.1.0': {}

  agent-base@7.1.4: {}

  ajv@8.20.0:
    dependencies:
      fast-deep-equal: 3.1.3
      fast-uri: 3.1.8
      json-schema-traverse: 1.0.0
      require-from-string: 2.0.2

  argparse@2.0.1: {}

  data-uri-to-buffer@4.0.1: {}

  debug@4.4.3:
    dependencies:
      ms: 2.1.3

  eventsource-parser@3.1.1: {}

  fast-deep-equal@3.1.3: {}

  fast-uri@3.1.8: {}

  fetch-blob@3.2.0:
    dependencies:
      node-domexception: 1.0.0
      web-streams-polyfill: 3.3.3

  formdata-polyfill@4.0.10:
    dependencies:
      fetch-blob: 3.2.0

  https-proxy-agent@7.0.6:
    dependencies:
      agent-base: 7.1.4
      debug: 4.4.3
    transitivePeerDependencies:
      - supports-color

  js-yaml@4.3.2:
    dependencies:
      argparse: 2.0.1

  json-schema-traverse@1.0.0: {}

  ms@2.1.3: {}

  node-addon-native-custom-loader@0.1.7: {}

  node-addon-require-builtin-darwin-arm64@0.1.7:
    dependencies:
      node-addon-native-custom-loader: 0.1.7
    optional: true

  node-addon-require-builtin-darwin-x64@0.1.7:
    dependencies:
      node-addon-native-custom-loader: 0.1.7
    optional: true

  node-addon-require-builtin-linux-arm64-gnu@0.1.7:
    dependencies:
      node-addon-native-custom-loader: 0.1.7
    optional: true

  node-addon-require-builtin-linux-arm64-musl@0.1.7:
    dependencies:
      node-addon-native-custom-loader: 0.1.7
    optional: true

  node-addon-require-builtin-linux-x64-gnu@0.1.7:
    dependencies:
      node-addon-native-custom-loader: 0.1.7
    optional: true

  node-addon-require-builtin-linux-x64-musl@0.1.7:
    dependencies:
      node-addon-native-custom-loader: 0.1.7
    optional: true

  node-addon-require-builtin-win32-arm64-msvc@0.1.7:
    dependencies:
      node-addon-native-custom-loader: 0.1.7
    optional: true

  node-addon-require-builtin-win32-ia32-msvc@0.1.7:
    dependencies:
      node-addon-native-custom-loader: 0.1.7
    optional: true

  node-addon-require-builtin-win32-x64-msvc@0.1.7:
    dependencies:
      node-addon-native-custom-loader: 0.1.7
    optional: true

  node-addon-require-builtin@0.1.7:
    dependencies:
      node-addon-native-custom-loader: 0.1.7
    optionalDependencies:
      node-addon-require-builtin-darwin-arm64: 0.1.7
      node-addon-require-builtin-darwin-x64: 0.1.7
      node-addon-require-builtin-linux-arm64-gnu: 0.1.7
      node-addon-require-builtin-linux-arm64-musl: 0.1.7
      node-addon-require-builtin-linux-x64-gnu: 0.1.7
      node-addon-require-builtin-linux-x64-musl: 0.1.7
      node-addon-require-builtin-win32-arm64-msvc: 0.1.7
      node-addon-require-builtin-win32-ia32-msvc: 0.1.7
      node-addon-require-builtin-win32-x64-msvc: 0.1.7

  node-domexception@1.0.0: {}

  node-fetch@3.3.2:
    dependencies:
      data-uri-to-buffer: 4.0.1
      fetch-blob: 3.2.0
      formdata-polyfill: 4.0.10

  require-from-string@2.0.2: {}

  resolve.exports@2.0.3: {}

  semver@7.8.5: {}

  web-streams-polyfill@3.3.3: {}

  yaml@2.9.1: {}

  zod@4.6.5: {}
